
Microsoft Visual Studio Solution File, Format Version 12.00
# Visual Studio Version 17
VisualStudioVersion = 17.3.32901.215
MinimumVisualStudioVersion = 10.0.40219.1
Project("{FAE04EC0-301F-11D3-BF4B-00C04F79EFBC}") = "Przvd-prkt ZakirovDK", "Przvd-prkt ZakirovDK\Przvd-prkt ZakirovDK.csproj", "{13FAC914-52F6-41C6-881B-7B12A1AEA934}"
EndProject
Global
	GlobalSection(SolutionConfigurationPlatforms) = preSolution
		Debug|Any CPU = Debug|Any CPU
		Release|Any CPU = Release|Any CPU
	EndGlobalSection
	GlobalSection(ProjectConfigurationPlatforms) = postSolution
		{13FAC914-52F6-41C6-881B-7B12A1AEA934}.Debug|Any CPU.ActiveCfg = Debug|Any CPU
		{13FAC914-52F6-41C6-881B-7B12A1AEA934}.Debug|Any CPU.Build.0 = Debug|Any CPU
		{13FAC914-52F6-41C6-881B-7B12A1AEA934}.Release|Any CPU.ActiveCfg = Release|Any CPU
		{13FAC914-52F6-41C6-881B-7B12A1AEA934}.Release|Any CPU.Build.0 = Release|Any CPU
	EndGlobalSection
	GlobalSection(SolutionProperties) = preSolution
		HideSolutionNode = FALSE
	EndGlobalSection
	GlobalSection(ExtensibilityGlobals) = postSolution
		SolutionGuid = {82A533C9-703A-4E1C-86D7-3F19474792B7}
	EndGlobalSection
EndGlobal
